Microsoft Visual Studio Solution File, Format Version 12.00
# Visual Studio Version 18
VisualStudioVersion = 18.6.11709.129
MinimumVisualStudioVersion = 10.0.40219.1
Project("{9A19103F-16F7-4668-BE54-9A1E7A4F7556}") = "Metrics", "src\Metrics\Metrics.csproj", "{F42D273B-4B94-4AD7-81C1-DFA9B5E9BDB6}"
EndProject
Project("{9A19103F-16F7-4668-BE54-9A1E7A4F7556}") = "Metrics.UnitTests", "tests\Metrics.UnitTests\Metrics.UnitTests.csproj", "{30D371B3-52E4-485D-9CEA-0E7B9149BBA3}"
EndProject
Project("{2150E333-8FDC-42A3-9474-1A3956D46DE8}") = "Solution Folder", "Solution Folder", "{4F61F403-4674-487B-ABF4-EE50B96981C1}"
	ProjectSection(SolutionItems) = preProject
		.editorconfig = .editorconfig
		.gitattributes = .gitattributes
		.gitignore = .gitignore
		.github\workflows\ci.yml = .github\workflows\ci.yml
		.github\workflows\dependency-review.yml = .github\workflows\dependency-review.yml
		.github\workflows\publish-nuget.yml = .github\workflows\publish-nuget.yml
		Directory.Packages.props = Directory.Packages.props
		global.json = global.json
		LICENSE = LICENSE
		README.md = README.md
	EndProjectSection
EndProject
Project("{2150E333-8FDC-42A3-9474-1A3956D46DE8}") = "src", "src", "{DC4337D4-7797-44F7-AD1F-4A640A4E49D9}"
EndProject
Project("{2150E333-8FDC-42A3-9474-1A3956D46DE8}") = "tests", "tests", "{D196C703-6673-4DC9-84E9-BB492024AAD2}"
EndProject
Project("{2150E333-8FDC-42A3-9474-1A3956D46DE8}") = "samples", "samples", "{2C5AB38F-8197-4B93-AC0A-2182F5FAC5D3}"
EndProject
Project("{9A19103F-16F7-4668-BE54-9A1E7A4F7556}") = "Metrics.Samples.Console", "samples\Metrics.Samples.Console\Metrics.Samples.Console.csproj", "{B8B7CA2F-6F55-4A2D-AE29-812132642B90}"
EndProject
Project("{2150E333-8FDC-42A3-9474-1A3956D46DE8}") = "benchmarks", "benchmarks", "{4F208057-661E-4B8F-AD0C-9F56F92C6B00}"
EndProject
Project("{9A19103F-16F7-4668-BE54-9A1E7A4F7556}") = "Metrics.Benchmarks", "benchmarks\Metrics.Benchmarks\Metrics.Benchmarks.csproj", "{DFA12FC5-CDA3-4E60-918E-04F732B03124}"
EndProject
Global
	GlobalSection(SolutionConfigurationPlatforms) = preSolution
		Debug|Any CPU = Debug|Any CPU
		Release|Any CPU = Release|Any CPU
	EndGlobalSection
	GlobalSection(ProjectConfigurationPlatforms) = postSolution
		{F42D273B-4B94-4AD7-81C1-DFA9B5E9BDB6}.Debug|Any CPU.ActiveCfg = Debug|Any CPU
		{F42D273B-4B94-4AD7-81C1-DFA9B5E9BDB6}.Debug|Any CPU.Build.0 = Debug|Any CPU
		{F42D273B-4B94-4AD7-81C1-DFA9B5E9BDB6}.Release|Any CPU.ActiveCfg = Release|Any CPU
		{F42D273B-4B94-4AD7-81C1-DFA9B5E9BDB6}.Release|Any CPU.Build.0 = Release|Any CPU
		{30D371B3-52E4-485D-9CEA-0E7B9149BBA3}.Debug|Any CPU.ActiveCfg = Debug|Any CPU
		{30D371B3-52E4-485D-9CEA-0E7B9149BBA3}.Debug|Any CPU.Build.0 = Debug|Any CPU
		{30D371B3-52E4-485D-9CEA-0E7B9149BBA3}.Release|Any CPU.ActiveCfg = Release|Any CPU
		{30D371B3-52E4-485D-9CEA-0E7B9149BBA3}.Release|Any CPU.Build.0 = Release|Any CPU
		{B8B7CA2F-6F55-4A2D-AE29-812132642B90}.Debug|Any CPU.ActiveCfg = Debug|Any CPU
		{B8B7CA2F-6F55-4A2D-AE29-812132642B90}.Debug|Any CPU.Build.0 = Debug|Any CPU
		{B8B7CA2F-6F55-4A2D-AE29-812132642B90}.Release|Any CPU.ActiveCfg = Release|Any CPU
		{B8B7CA2F-6F55-4A2D-AE29-812132642B90}.Release|Any CPU.Build.0 = Release|Any CPU
		{DFA12FC5-CDA3-4E60-918E-04F732B03124}.Debug|Any CPU.ActiveCfg = Debug|Any CPU
		{DFA12FC5-CDA3-4E60-918E-04F732B03124}.Debug|Any CPU.Build.0 = Debug|Any CPU
		{DFA12FC5-CDA3-4E60-918E-04F732B03124}.Release|Any CPU.ActiveCfg = Release|Any CPU
		{DFA12FC5-CDA3-4E60-918E-04F732B03124}.Release|Any CPU.Build.0 = Release|Any CPU
	EndGlobalSection
	GlobalSection(SolutionProperties) = preSolution
		HideSolutionNode = FALSE
	EndGlobalSection
	GlobalSection(NestedProjects) = preSolution
		{F42D273B-4B94-4AD7-81C1-DFA9B5E9BDB6} = {DC4337D4-7797-44F7-AD1F-4A640A4E49D9}
		{30D371B3-52E4-485D-9CEA-0E7B9149BBA3} = {D196C703-6673-4DC9-84E9-BB492024AAD2}
		{B8B7CA2F-6F55-4A2D-AE29-812132642B90} = {2C5AB38F-8197-4B93-AC0A-2182F5FAC5D3}
		{DFA12FC5-CDA3-4E60-918E-04F732B03124} = {4F208057-661E-4B8F-AD0C-9F56F92C6B00}
	EndGlobalSection
	GlobalSection(ExtensibilityGlobals) = postSolution
		SolutionGuid = {410D427C-64C1-4840-8A7F-928EE2724CA6}
	EndGlobalSection
EndGlobal
